
Microsoft Visual Studio Solution File, Format Version 12.00
# Visual Studio Version 16
VisualStudioVersion = 16.0.32510.428
MinimumVisualStudioVersion = 10.0.40219.1
Project("{2150E333-8FDC-42A3-9474-1A3956D46DE8}") = "Solution Items", "Solution Items", "{B32BB03B-27E3-4355-8FD8-1E88306C055A}"
	ProjectSection(SolutionItems) = preProject
		.editorconfig = .editorconfig
	EndProjectSection
EndProject
Project("{FAE04EC0-301F-11D3-BF4B-00C04F79EFBC}") = "App3", "..\App3\App3.csproj", "{A914DFFD-594B-4AA1-AF95-59BE7F0C133E}"
EndProject
Project("{FAE04EC0-301F-11D3-BF4B-00C04F79EFBC}") = "ClassLibrary1", "..\App5\ClassLibrary1\ClassLibrary1.csproj", "{13824FEB-3F3D-4EF5-BFE1-6E0F3C2D4C5F}"
EndProject
Project("{FAE04EC0-301F-11D3-BF4B-00C04F79EFBC}") = "App1.Android", "App1\App1.Android\App1.Android.csproj", "{76328D77-CAC6-41F2-A5FD-49CD27584351}"
EndProject
Project("{FAE04EC0-301F-11D3-BF4B-00C04F79EFBC}") = "App1", "App1\App1\App1.csproj", "{53DA8A7C-D19C-4E95-9033-DDE4C42EA6E1}"
EndProject
Global
	GlobalSection(SolutionConfigurationPlatforms) = preSolution
		Debug|Any CPU = Debug|Any CPU
		Release|Any CPU = Release|Any CPU
	EndGlobalSection
	GlobalSection(ProjectConfigurationPlatforms) = postSolution
		{A914DFFD-594B-4AA1-AF95-59BE7F0C133E}.Debug|Any CPU.ActiveCfg = Debug|Any CPU
		{A914DFFD-594B-4AA1-AF95-59BE7F0C133E}.Debug|Any CPU.Build.0 = Debug|Any CPU
		{A914DFFD-594B-4AA1-AF95-59BE7F0C133E}.Debug|Any CPU.Deploy.0 = Debug|Any CPU
		{A914DFFD-594B-4AA1-AF95-59BE7F0C133E}.Release|Any CPU.ActiveCfg = Release|Any CPU
		{A914DFFD-594B-4AA1-AF95-59BE7F0C133E}.Release|Any CPU.Build.0 = Release|Any CPU
		{A914DFFD-594B-4AA1-AF95-59BE7F0C133E}.Release|Any CPU.Deploy.0 = Release|Any CPU
		{13824FEB-3F3D-4EF5-BFE1-6E0F3C2D4C5F}.Debug|Any CPU.ActiveCfg = Debug|Any CPU
		{13824FEB-3F3D-4EF5-BFE1-6E0F3C2D4C5F}.Debug|Any CPU.Build.0 = Debug|Any CPU
		{13824FEB-3F3D-4EF5-BFE1-6E0F3C2D4C5F}.Release|Any CPU.ActiveCfg = Release|Any CPU
		{13824FEB-3F3D-4EF5-BFE1-6E0F3C2D4C5F}.Release|Any CPU.Build.0 = Release|Any CPU
		{76328D77-CAC6-41F2-A5FD-49CD27584351}.Debug|Any CPU.ActiveCfg = Debug|Any CPU
		{76328D77-CAC6-41F2-A5FD-49CD27584351}.Debug|Any CPU.Build.0 = Debug|Any CPU
		{76328D77-CAC6-41F2-A5FD-49CD27584351}.Debug|Any CPU.Deploy.0 = Debug|Any CPU
		{76328D77-CAC6-41F2-A5FD-49CD27584351}.Release|Any CPU.ActiveCfg = Release|Any CPU
		{76328D77-CAC6-41F2-A5FD-49CD27584351}.Release|Any CPU.Build.0 = Release|Any CPU
		{76328D77-CAC6-41F2-A5FD-49CD27584351}.Release|Any CPU.Deploy.0 = Release|Any CPU
		{53DA8A7C-D19C-4E95-9033-DDE4C42EA6E1}.Debug|Any CPU.ActiveCfg = Debug|Any CPU
		{53DA8A7C-D19C-4E95-9033-DDE4C42EA6E1}.Debug|Any CPU.Build.0 = Debug|Any CPU
		{53DA8A7C-D19C-4E95-9033-DDE4C42EA6E1}.Release|Any CPU.ActiveCfg = Release|Any CPU
		{53DA8A7C-D19C-4E95-9033-DDE4C42EA6E1}.Release|Any CPU.Build.0 = Release|Any CPU
	EndGlobalSection
	GlobalSection(SolutionProperties) = preSolution
		HideSolutionNode = FALSE
	EndGlobalSection
	GlobalSection(ExtensibilityGlobals) = postSolution
		SolutionGuid = {FD0F8094-DFAC-4ABC-928B-1D19B89F3C8D}
	EndGlobalSection
EndGlobal
